// !$*UTF8*$!
{
	archiveVersion = 1;
	classes = {
	};
	objectVersion = 56;
	objects = {

/* Begin PBXBuildFile section */
		8E7879A42A79B85E00F6F8F0 /* MainCoordinator.swift in Sources */ = {isa = PBXBuildFile; fileRef = 8E7879A32A79B85E00F6F8F0 /* MainCoordinator.swift */; };
		8E7879A62A79B9F200F6F8F0 /* CoordinatorProtocol.swift in Sources */ = {isa = PBXBuildFile; fileRef = 8E7879A52A79B9F200F6F8F0 /* CoordinatorProtocol.swift */; };
		8EB3019C2A78625C005E2620 /* AppDelegate.swift in Sources */ = {isa = PBXBuildFile; fileRef = 8EB3019B2A78625C005E2620 /* AppDelegate.swift */; };
		8EB3019E2A78625C005E2620 /* SceneDelegate.swift in Sources */ = {isa = PBXBuildFile; fileRef = 8EB3019D2A78625C005E2620 /* SceneDelegate.swift */; };
		8EB301A02A78625C005E2620 /* ViewController.swift in Sources */ = {isa = PBXBuildFile; fileRef = 8EB3019F2A78625C005E2620 /* ViewController.swift */; };
		8EB301A52A78625C005E2620 /* Assets.xcassets in Resources */ = {isa = PBXBuildFile; fileRef = 8EB301A42A78625C005E2620 /* Assets.xcassets */; };
		8EB301A82A78625C005E2620 /* LaunchScreen.storyboard in Resources */ = {isa = PBXBuildFile; fileRef = 8EB301A62A78625C005E2620 /* LaunchScreen.storyboard */; };
		8EB301B32A78625D005E2620 /* CardioCartTests.swift in Sources */ = {isa = PBXBuildFile; fileRef = 8EB301B22A78625D005E2620 /* CardioCartTests.swift */; };
		8EB301BD2A78625D005E2620 /* CardioCartUITests.swift in Sources */ = {isa = PBXBuildFile; fileRef = 8EB301BC2A78625D005E2620 /* CardioCartUITests.swift */; };
		8EB301BF2A78625D005E2620 /* CardioCartUITestsLaunchTests.swift in Sources */ = {isa = PBXBuildFile; fileRef = 8EB301BE2A78625D005E2620 /* CardioCartUITestsLaunchTests.swift */; };
/* End PBXBuildFile section */

/* Begin PBXContainerItemProxy section */
		8EB301AF2A78625D005E2620 /* PBXContainerItemProxy */ = {
			isa = PBXContainerItemProxy;
			containerPortal = 8EB301902A78625C005E2620 /* Project object */;
			proxyType = 1;
			remoteGlobalIDString = 8EB301972A78625C005E2620;
			remoteInfo = CardioCart;
		};
		8EB301B92A78625D005E2620 /* PBXContainerItemProxy */ = {
			isa = PBXContainerItemProxy;
			containerPortal = 8EB301902A78625C005E2620 /* Project object */;
			proxyType = 1;
			remoteGlobalIDString = 8EB301972A78625C005E2620;
			remoteInfo = CardioCart;
		};
/* End PBXContainerItemProxy section */

/* Begin PBXFileReference section */
		8E7879A32A79B85E00F6F8F0 /* MainCoordinator.swift */ = {isa = PBXFileReference; lastKnownFileType = sourcecode.swift; path = MainCoordinator.swift; sourceTree = "<group>"; };
		8E7879A52A79B9F200F6F8F0 /* CoordinatorProtocol.swift */ = {isa = PBXFileReference; lastKnownFileType = sourcecode.swift; path = CoordinatorProtocol.swift; sourceTree = "<group>"; };
		8EB301982A78625C005E2620 /* CardioCart.app */ = {isa = PBXFileReference; explicitFileType = wrapper.application; includeInIndex = 0; path = CardioCart.app; sourceTree = BUILT_PRODUCTS_DIR; };
		8EB3019B2A78625C005E2620 /* AppDelegate.swift */ = {isa = PBXFileReference; lastKnownFileType = sourcecode.swift; path = AppDelegate.swift; sourceTree = "<group>"; };
		8EB3019D2A78625C005E2620 /* SceneDelegate.swift */ = {isa = PBXFileReference; lastKnownFileType = sourcecode.swift; path = SceneDelegate.swift; sourceTree = "<group>"; };
		8EB3019F2A78625C005E2620 /* ViewController.swift */ = {isa = PBXFileReference; lastKnownFileType = sourcecode.swift; path = ViewController.swift; sourceTree = "<group>"; };
		8EB301A42A78625C005E2620 /* Assets.xcassets */ = {isa = PBXFileReference; lastKnownFileType = folder.assetcatalog; path = Assets.xcassets; sourceTree = "<group>"; };
		8EB301A72A78625C005E2620 /* Base */ = {isa = PBXFileReference; lastKnownFileType = file.storyboard; name = Base; path = Base.lproj/LaunchScreen.storyboard; sourceTree = "<group>"; };
		8EB301A92A78625C005E2620 /* Info.plist */ = {isa = PBXFileReference; lastKnownFileType = text.plist.xml; path = Info.plist; sourceTree = "<group>"; };
		8EB301AE2A78625D005E2620 /* CardioCartTests.xctest */ = {isa = PBXFileReference; explicitFileType = wrapper.cfbundle; includeInIndex = 0; path = CardioCartTests.xctest; sourceTree = BUILT_PRODUCTS_DIR; };
		8EB301B22A78625D005E2620 /* CardioCartTests.swift */ = {isa = PBXFileReference; lastKnownFileType = sourcecode.swift; path = CardioCartTests.swift; sourceTree = "<group>"; };
		8EB301B82A78625D005E2620 /* CardioCartUITests.xctest */ = {isa = PBXFileReference; explicitFileType = wrapper.cfbundle; includeInIndex = 0; path = CardioCartUITests.xctest; sourceTree = BUILT_PRODUCTS_DIR; };
		8EB301BC2A78625D005E2620 /* CardioCartUITests.swift */ = {isa = PBXFileReference; lastKnownFileType = sourcecode.swift; path = CardioCartUITests.swift; sourceTree = "<group>"; };
		8EB301BE2A78625D005E2620 /* CardioCartUITestsLaunchTests.swift */ = {isa = PBXFileReference; lastKnownFileType = sourcecode.swift; path = CardioCartUITestsLaunchTests.swift; sourceTree = "<group>"; };
/* End PBXFileReference section */

/* Begin PBXFrameworksBuildPhase section */
		8EB301952A78625C005E2620 /* Frameworks */ = {
			isa = PBXFrameworksBuildPhase;
			buildActionMask = 2147483647;
			files = (
			);
			runOnlyForDeploymentPostprocessing = 0;
		};
		8EB301AB2A78625D005E2620 /* Frameworks */ = {
			isa = PBXFrameworksBuildPhase;
			buildActionMask = 2147483647;
			files = (
			);
			runOnlyForDeploymentPostprocessing = 0;
		};
		8EB301B52A78625D005E2620 /* Frameworks */ = {
			isa = PBXFrameworksBuildPhase;
			buildActionMask = 2147483647;
			files = (
			);
			runOnlyForDeploymentPostprocessing = 0;
		};
/* End PBXFrameworksBuildPhase section */

/* Begin PBXGroup section */
		8E7879A22A79B85200F6F8F0 /* Coordinators */ = {
			isa = PBXGroup;
			children = (
				8E7879A32A79B85E00F6F8F0 /* MainCoordinator.swift */,
				8E7879A52A79B9F200F6F8F0 /* CoordinatorProtocol.swift */,
			);
			path = Coordinators;
			sourceTree = "<group>";
		};
		8EB3018F2A78625C005E2620 = {
			isa = PBXGroup;
			children = (
				8EB3019A2A78625C005E2620 /* CardioCart */,
				8EB301B12A78625D005E2620 /* CardioCartTests */,
				8EB301BB2A78625D005E2620 /* CardioCartUITests */,
				8EB301992A78625C005E2620 /* Products */,
			);
			sourceTree = "<group>";
		};
		8EB301992A78625C005E2620 /* Products */ = {
			isa = PBXGroup;
			children = (
				8EB301982A78625C005E2620 /* CardioCart.app */,
				8EB301AE2A78625D005E2620 /* CardioCartTests.xctest */,
				8EB301B82A78625D005E2620 /* CardioCartUITests.xctest */,
			);
			name = Products;
			sourceTree = "<group>";
		};
		8EB3019A2A78625C005E2620 /* CardioCart */ = {
			isa = PBXGroup;
			children = (
				8E7879A22A79B85200F6F8F0 /* Coordinators */,
				8EB3019B2A78625C005E2620 /* AppDelegate.swift */,
				8EB3019D2A78625C005E2620 /* SceneDelegate.swift */,
				8EB3019F2A78625C005E2620 /* ViewController.swift */,
				8EB301A42A78625C005E2620 /* Assets.xcassets */,
				8EB301A62A78625C005E2620 /* LaunchScreen.storyboard */,
				8EB301A92A78625C005E2620 /* Info.plist */,
			);
			path = CardioCart;
			sourceTree = "<group>";
		};
		8EB301B12A78625D005E2620 /* CardioCartTests */ = {
			isa = PBXGroup;
			children = (
				8EB301B22A78625D005E2620 /* CardioCartTests.swift */,
			);
			path = CardioCartTests;
			sourceTree = "<group>";
		};
		8EB301BB2A78625D005E2620 /* CardioCartUITests */ = {
			isa = PBXGroup;
			children = (
				8EB301BC2A78625D005E2620 /* CardioCartUITests.swift */,
				8EB301BE2A78625D005E2620 /* CardioCartUITestsLaunchTests.swift */,
			);
			path = CardioCartUITests;
			sourceTree = "<group>";
		};
/* End PBXGroup section */

/* Begin PBXNativeTarget section */
		8EB301972A78625C005E2620 /* CardioCart */ = {
			isa = PBXNativeTarget;
			buildConfigurationList = 8EB301C22A78625D005E2620 /* Build configuration list for PBXNativeTarget "CardioCart" */;
			buildPhases = (
				8EB301942A78625C005E2620 /* Sources */,
				8EB301952A78625C005E2620 /* Frameworks */,
				8EB301962A78625C005E2620 /* Resources */,
			);
			buildRules = (
			);
			dependencies = (
			);
			name = CardioCart;
			productName = CardioCart;
			productReference = 8EB301982A78625C005E2620 /* CardioCart.app */;
			productType = "com.apple.product-type.application";
		};
		8EB301AD2A78625D005E2620 /* CardioCartTests */ = {
			isa = PBXNativeTarget;
			buildConfigurationList = 8EB301C52A78625D005E2620 /* Build configuration list for PBXNativeTarget "CardioCartTests" */;
			buildPhases = (
				8EB301AA2A78625D005E2620 /* Sources */,
				8EB301AB2A78625D005E2620 /* Frameworks */,
				8EB301AC2A78625D005E2620 /* Resources */,
			);
			buildRules = (
			);
			dependencies = (
				8EB301B02A78625D005E2620 /* PBXTargetDependency */,
			);
			name = CardioCartTests;
			productName = CardioCartTests;
			productReference = 8EB301AE2A78625D005E2620 /* CardioCartTests.xctest */;
			productType = "com.apple.product-type.bundle.unit-test";
		};
		8EB301B72A78625D005E2620 /* CardioCartUITests */ = {
			isa = PBXNativeTarget;
			buildConfigurationList = 8EB301C82A78625D005E2620 /* Build configuration list for PBXNativeTarget "CardioCartUITests" */;
			buildPhases = (
				8EB301B42A78625D005E2620 /* Sources */,
				8EB301B52A78625D005E2620 /* Frameworks */,
				8EB301B62A78625D005E2620 /* Resources */,
			);
			buildRules = (
			);
			dependencies = (
				8EB301BA2A78625D005E2620 /* PBXTargetDependency */,
			);
			name = CardioCartUITests;
			productName = CardioCartUITests;
			productReference = 8EB301B82A78625D005E2620 /* CardioCartUITests.xctest */;
			productType = "com.apple.product-type.bundle.ui-testing";
		};
/* End PBXNativeTarget section */

/* Begin PBXProject section */
		8EB301902A78625C005E2620 /* Project object */ = {
			isa = PBXProject;
			attributes = {
				BuildIndependentTargetsInParallel = 1;
				LastSwiftUpdateCheck = 1420;
				LastUpgradeCheck = 1420;
				TargetAttributes = {
					8EB301972A78625C005E2620 = {
						CreatedOnToolsVersion = 14.2;
					};
					8EB301AD2A78625D005E2620 = {
						CreatedOnToolsVersion = 14.2;
						TestTargetID = 8EB301972A78625C005E2620;
					};
					8EB301B72A78625D005E2620 = {
						CreatedOnToolsVersion = 14.2;
						TestTargetID = 8EB301972A78625C005E2620;
					};
				};
			};
			buildConfigurationList = 8EB301932A78625C005E2620 /* Build configuration list for PBXProject "CardioCart" */;
			compatibilityVersion = "Xcode 14.0";
			developmentRegion = en;
			hasScannedForEncodings = 0;
			knownRegions = (
				en,
				Base,
			);
			mainGroup = 8EB3018F2A78625C005E2620;
			productRefGroup = 8EB301992A78625C005E2620 /* Products */;
			projectDirPath = "";
			projectRoot = "";
			targets = (
				8EB301972A78625C005E2620 /* CardioCart */,
				8EB301AD2A78625D005E2620 /* CardioCartTests */,
				8EB301B72A78625D005E2620 /* CardioCartUITests */,
			);
		};
/* End PBXProject section */

/* Begin PBXResourcesBuildPhase section */
		8EB301962A78625C005E2620 /* Resources */ = {
			isa = PBXResourcesBuildPhase;
			buildActionMask = 2147483647;
			files = (
				8EB301A82A78625C005E2620 /* LaunchScreen.storyboard in Resources */,
				8EB301A52A78625C005E2620 /* Assets.xcassets in Resources */,
			);
			runOnlyForDeploymentPostprocessing = 0;
		};
		8EB301AC2A78625D005E2620 /* Resources */ = {
			isa = PBXResourcesBuildPhase;
			buildActionMask = 2147483647;
			files = (
			);
			runOnlyForDeploymentPostprocessing = 0;
		};
		8EB301B62A78625D005E2620 /* Resources */ = {
			isa = PBXResourcesBuildPhase;
			buildActionMask = 2147483647;
			files = (
			);
			runOnlyForDeploymentPostprocessing = 0;
		};
/* End PBXResourcesBuildPhase section */

/* Begin PBXSourcesBuildPhase section */
		8EB301942A78625C005E2620 /* Sources */ = {
			isa = PBXSourcesBuildPhase;
			buildActionMask = 2147483647;
			files = (
				8EB301A02A78625C005E2620 /* ViewController.swift in Sources */,
				8E7879A42A79B85E00F6F8F0 /* MainCoordinator.swift in Sources */,
				8E7879A62A79B9F200F6F8F0 /* CoordinatorProtocol.swift in Sources */,
				8EB3019C2A78625C005E2620 /* AppDelegate.swift in Sources */,
				8EB3019E2A78625C005E2620 /* SceneDelegate.swift in Sources */,
			);
			runOnlyForDeploymentPostprocessing = 0;
		};
		8EB301AA2A78625D005E2620 /* Sources */ = {
			isa = PBXSourcesBuildPhase;
			buildActionMask = 2147483647;
			files = (
				8EB301B32A78625D005E2620 /* CardioCartTests.swift in Sources */,
			);
			runOnlyForDeploymentPostprocessing = 0;
		};
		8EB301B42A78625D005E2620 /* Sources */ = {
			isa = PBXSourcesBuildPhase;
			buildActionMask = 2147483647;
			files = (
				8EB301BF2A78625D005E2620 /* CardioCartUITestsLaunchTests.swift in Sources */,
				8EB301BD2A78625D005E2620 /* CardioCartUITests.swift in Sources */,
			);
			runOnlyForDeploymentPostprocessing = 0;
		};
/* End PBXSourcesBuildPhase section */

/* Begin PBXTargetDependency section */
		8EB301B02A78625D005E2620 /* PBXTargetDependency */ = {
			isa = PBXTargetDependency;
			target = 8EB301972A78625C005E2620 /* CardioCart */;
			targetProxy = 8EB301AF2A78625D005E2620 /* PBXContainerItemProxy */;
		};
		8EB301BA2A78625D005E2620 /* PBXTargetDependency */ = {
			isa = PBXTargetDependency;
			target = 8EB301972A78625C005E2620 /* CardioCart */;
			targetProxy = 8EB301B92A78625D005E2620 /* PBXContainerItemProxy */;
		};
/* End PBXTargetDependency section */

/* Begin PBXVariantGroup section */
		8EB301A62A78625C005E2620 /* LaunchScreen.storyboard */ = {
			isa = PBXVariantGroup;
			children = (
				8EB301A72A78625C005E2620 /* Base */,
			);
			name = LaunchScreen.storyboard;
			sourceTree = "<group>";
		};
/* End PBXVariantGroup section */

/* Begin XCBuildConfiguration section */
		8EB301C02A78625D005E2620 /* Debug */ = {
			isa = XCBuildConfiguration;
			buildSettings = {
				ALWAYS_SEARCH_USER_PATHS = NO;
				CLANG_ANALYZER_NONNULL = YES;
				CLANG_ANALYZER_NUMBER_OBJECT_CONVERSION = YES_AGGRESSIVE;
				CLANG_CXX_LANGUAGE_STANDARD = "gnu++20";
				CLANG_ENABLE_MODULES = YES;
				CLANG_ENABLE_OBJC_ARC = YES;
				CLANG_ENABLE_OBJC_WEAK = YES;
				CLANG_WARN_BLOCK_CAPTURE_AUTORELEASING = YES;
				CLANG_WARN_BOOL_CONVERSION = YES;
				CLANG_WARN_COMMA = YES;
				CLANG_WARN_CONSTANT_CONVERSION = YES;
				CLANG_WARN_DEPRECATED_OBJC_IMPLEMENTATIONS = YES;
				CLANG_WARN_DIRECT_OBJC_ISA_USAGE = YES_ERROR;
				CLANG_WARN_DOCUMENTATION_COMMENTS = YES;
				CLANG_WARN_EMPTY_BODY = YES;
				CLANG_WARN_ENUM_CONVERSION = YES;
				CLANG_WARN_INFINITE_RECURSION = YES;
				CLANG_WARN_INT_CONVERSION = YES;
				CLANG_WARN_NON_LITERAL_NULL_CONVERSION = YES;
				CLANG_WARN_OBJC_IMPLICIT_RETAIN_SELF = YES;
				CLANG_WARN_OBJC_LITERAL_CONVERSION = YES;
				CLANG_WARN_OBJC_ROOT_CLASS = YES_ERROR;
				CLANG_WARN_QUOTED_INCLUDE_IN_FRAMEWORK_HEADER = YES;
				CLANG_WARN_RANGE_LOOP_ANALYSIS = YES;
				CLANG_WARN_STRICT_PROTOTYPES = YES;
				CLANG_WARN_SUSPICIOUS_MOVE = YES;
				CLANG_WARN_UNGUARDED_AVAILABILITY = YES_AGGRESSIVE;
				CLANG_WARN_UNREACHABLE_CODE = YES;
				CLANG_WARN__DUPLICATE_METHOD_MATCH = YES;
				COPY_PHASE_STRIP = NO;
				DEBUG_INFORMATION_FORMAT = dwarf;
				ENABLE_STRICT_OBJC_MSGSEND = YES;
				ENABLE_TESTABILITY = YES;
				GCC_C_LANGUAGE_STANDARD = gnu11;
				GCC_DYNAMIC_NO_PIC = NO;
				GCC_NO_COMMON_BLOCKS = YES;
				GCC_OPTIMIZATION_LEVEL = 0;
				GCC_PREPROCESSOR_DEFINITIONS = (
					"DEBUG=1",
					"$(inherited)",
				);
				GCC_WARN_64_TO_32_BIT_CONVERSION = YES;
				GCC_WARN_ABOUT_RETURN_TYPE = YES_ERROR;
				GCC_WARN_UNDECLARED_SELECTOR = YES;
				GCC_WARN_UNINITIALIZED_AUTOS = YES_AGGRESSIVE;
				GCC_WARN_UNUSED_FUNCTION = YES;
				GCC_WARN_UNUSED_VARIABLE = YES;
				IPHONEOS_DEPLOYMENT_TARGET = 16.2;
				MTL_ENABLE_DEBUG_INFO = INCLUDE_SOURCE;
				MTL_FAST_MATH = YES;
				ONLY_ACTIVE_ARCH = YES;
				SDKROOT = iphoneos;
				SWIFT_ACTIVE_COMPILATION_CONDITIONS = DEBUG;
				SWIFT_OPTIMIZATION_LEVEL = "-Onone";
			};
			name = Debug;
		};
		8EB301C12A78625D005E2620 /* Release */ = {
			isa = XCBuildConfiguration;
			buildSettings = {
				ALWAYS_SEARCH_USER_PATHS = NO;
				CLANG_ANALYZER_NONNULL = YES;
				CLANG_ANALYZER_NUMBER_OBJECT_CONVERSION = YES_AGGRESSIVE;
				CLANG_CXX_LANGUAGE_STANDARD = "gnu++20";
				CLANG_ENABLE_MODULES = YES;
				CLANG_ENABLE_OBJC_ARC = YES;
				CLANG_ENABLE_OBJC_WEAK = YES;
				CLANG_WARN_BLOCK_CAPTURE_AUTORELEASING = YES;
				CLANG_WARN_BOOL_CONVERSION = YES;
				CLANG_WARN_COMMA = YES;
				CLANG_WARN_CONSTANT_CONVERSION = YES;
				CLANG_WARN_DEPRECATED_OBJC_IMPLEMENTATIONS = YES;
				CLANG_WARN_DIRECT_OBJC_ISA_USAGE = YES_ERROR;
				CLANG_WARN_DOCUMENTATION_COMMENTS = YES;
				CLANG_WARN_EMPTY_BODY = YES;
				CLANG_WARN_ENUM_CONVERSION = YES;
				CLANG_WARN_INFINITE_RECURSION = YES;
				CLANG_WARN_INT_CONVERSION = YES;
				CLANG_WARN_NON_LITERAL_NULL_CONVERSION = YES;
				CLANG_WARN_OBJC_IMPLICIT_RETAIN_SELF = YES;
				CLANG_WARN_OBJC_LITERAL_CONVERSION = YES;
				CLANG_WARN_OBJC_ROOT_CLASS = YES_ERROR;
				CLANG_WARN_QUOTED_INCLUDE_IN_FRAMEWORK_HEADER = YES;
				CLANG_WARN_RANGE_LOOP_ANALYSIS = YES;
				CLANG_WARN_STRICT_PROTOTYPES = YES;
				CLANG_WARN_SUSPICIOUS_MOVE = YES;
				CLANG_WARN_UNGUARDED_AVAILABILITY = YES_AGGRESSIVE;
				CLANG_WARN_UNREACHABLE_CODE = YES;
				CLANG_WARN__DUPLICATE_METHOD_MATCH = YES;
				COPY_PHASE_STRIP = NO;
				DEBUG_INFORMATION_FORMAT = "dwarf-with-dsym";
				ENABLE_NS_ASSERTIONS = NO;
				ENABLE_STRICT_OBJC_MSGSEND = YES;
				GCC_C_LANGUAGE_STANDARD = gnu11;
				GCC_NO_COMMON_BLOCKS = YES;
				GCC_WARN_64_TO_32_BIT_CONVERSION = YES;
				GCC_WARN_ABOUT_RETURN_TYPE = YES_ERROR;
				GCC_WARN_UNDECLARED_SELECTOR = YES;
				GCC_WARN_UNINITIALIZED_AUTOS = YES_AGGRESSIVE;
				GCC_WARN_UNUSED_FUNCTION = YES;
				GCC_WARN_UNUSED_VARIABLE = YES;
				IPHONEOS_DEPLOYMENT_TARGET = 16.2;
				MTL_ENABLE_DEBUG_INFO = NO;
				MTL_FAST_MATH = YES;
				SDKROOT = iphoneos;
				SWIFT_COMPILATION_MODE = wholemodule;
				SWIFT_OPTIMIZATION_LEVEL = "-O";
				VALIDATE_PRODUCT = YES;
			};
			name = Release;
		};
		8EB301C32A78625D005E2620 /* Debug */ = {
			isa = XCBuildConfiguration;
			buildSettings = {
				ASSETCATALOG_COMPILER_APPICON_NAME = AppIcon;
				ASSETCATALOG_COMPILER_GLOBAL_ACCENT_COLOR_NAME = AccentColor;
				CODE_SIGN_STYLE = Automatic;
				CURRENT_PROJECT_VERSION = 1;
				DEVELOPMENT_TEAM = QYMY47M6PM;
				GENERATE_INFOPLIST_FILE = YES;
				INFOPLIST_FILE = CardioCart/Info.plist;
				INFOPLIST_KEY_UIApplicationSupportsIndirectInputEvents = YES;
				INFOPLIST_KEY_UILaunchStoryboardName = LaunchScreen;
				INFOPLIST_KEY_UIMainStoryboardFile = "";
				INFOPLIST_KEY_UISupportedInterfaceOrientations_iPad = "UIInterfaceOrientationPortrait UIInterfaceOrientationPortraitUpsideDown UIInterfaceOrientationLandscapeLeft UIInterfaceOrientationLandscapeRight";
				INFOPLIST_KEY_UISupportedInterfaceOrientations_iPhone = "UIInterfaceOrientationPortrait UIInterfaceOrientationLandscapeLeft UIInterfaceOrientationLandscapeRight";
				LD_RUNPATH_SEARCH_PATHS = (
					"$(inherited)",
					"@executable_path/Frameworks",
				);
				MARKETING_VERSION = 1.0;
				PRODUCT_BUNDLE_IDENTIFIER = com.bobbyren.CardioCart;
				PRODUCT_NAME = "$(TARGET_NAME)";
				SWIFT_EMIT_LOC_STRINGS = YES;
				SWIFT_VERSION = 5.0;
				TARGETED_DEVICE_FAMILY = "1,2";
			};
			name = Debug;
		};
		8EB301C42A78625D005E2620 /* Release */ = {
			isa = XCBuildConfiguration;
			buildSettings = {
				ASSETCATALOG_COMPILER_APPICON_NAME = AppIcon;
				ASSETCATALOG_COMPILER_GLOBAL_ACCENT_COLOR_NAME = AccentColor;
				CODE_SIGN_STYLE = Automatic;
				CURRENT_PROJECT_VERSION = 1;
				DEVELOPMENT_TEAM = QYMY47M6PM;
				GENERATE_INFOPLIST_FILE = YES;
				INFOPLIST_FILE = CardioCart/Info.plist;
				INFOPLIST_KEY_UIApplicationSupportsIndirectInputEvents = YES;
				INFOPLIST_KEY_UILaunchStoryboardName = LaunchScreen;
				INFOPLIST_KEY_UIMainStoryboardFile = "";
				INFOPLIST_KEY_UISupportedInterfaceOrientations_iPad = "UIInterfaceOrientationPortrait UIInterfaceOrientationPortraitUpsideDown UIInterfaceOrientationLandscapeLeft UIInterfaceOrientationLandscapeRight";
				INFOPLIST_KEY_UISupportedInterfaceOrientations_iPhone = "UIInterfaceOrientationPortrait UIInterfaceOrientationLandscapeLeft UIInterfaceOrientationLandscapeRight";
				LD_RUNPATH_SEARCH_PATHS = (
					"$(inherited)",
					"@executable_path/Frameworks",
				);
				MARKETING_VERSION = 1.0;
				PRODUCT_BUNDLE_IDENTIFIER = com.bobbyren.CardioCart;
				PRODUCT_NAME = "$(TARGET_NAME)";
				SWIFT_EMIT_LOC_STRINGS = YES;
				SWIFT_VERSION = 5.0;
				TARGETED_DEVICE_FAMILY = "1,2";
			};
			name = Release;
		};
		8EB301C62A78625D005E2620 /* Debug */ = {
			isa = XCBuildConfiguration;
			buildSettings = {
				ALWAYS_EMBED_SWIFT_STANDARD_LIBRARIES = YES;
				BUNDLE_LOADER = "$(TEST_HOST)";
				CODE_SIGN_STYLE = Automatic;
				CURRENT_PROJECT_VERSION = 1;
				DEVELOPMENT_TEAM = QYMY47M6PM;
				GENERATE_INFOPLIST_FILE = YES;
				IPHONEOS_DEPLOYMENT_TARGET = 16.2;
				MARKETING_VERSION = 1.0;
				PRODUCT_BUNDLE_IDENTIFIER = com.bobbyren.CardioCartTests;
				PRODUCT_NAME = "$(TARGET_NAME)";
				SWIFT_EMIT_LOC_STRINGS = NO;
				SWIFT_VERSION = 5.0;
				TARGETED_DEVICE_FAMILY = "1,2";
				TEST_HOST = "$(BUILT_PRODUCTS_DIR)/CardioCart.app/$(BUNDLE_EXECUTABLE_FOLDER_PATH)/CardioCart";
			};
			name = Debug;
		};
		8EB301C72A78625D005E2620 /* Release */ = {
			isa = XCBuildConfiguration;
			buildSettings = {
				ALWAYS_EMBED_SWIFT_STANDARD_LIBRARIES = YES;
				BUNDLE_LOADER = "$(TEST_HOST)";
				CODE_SIGN_STYLE = Automatic;
				CURRENT_PROJECT_VERSION = 1;
				DEVELOPMENT_TEAM = QYMY47M6PM;
				GENERATE_INFOPLIST_FILE = YES;
				IPHONEOS_DEPLOYMENT_TARGET = 16.2;
				MARKETING_VERSION = 1.0;
				PRODUCT_BUNDLE_IDENTIFIER = com.bobbyren.CardioCartTests;
				PRODUCT_NAME = "$(TARGET_NAME)";
				SWIFT_EMIT_LOC_STRINGS = NO;
				SWIFT_VERSION = 5.0;
				TARGETED_DEVICE_FAMILY = "1,2";
				TEST_HOST = "$(BUILT_PRODUCTS_DIR)/CardioCart.app/$(BUNDLE_EXECUTABLE_FOLDER_PATH)/CardioCart";
			};
			name = Release;
		};
		8EB301C92A78625D005E2620 /* Debug */ = {
			isa = XCBuildConfiguration;
			buildSettings = {
				ALWAYS_EMBED_SWIFT_STANDARD_LIBRARIES = YES;
				CODE_SIGN_STYLE = Automatic;
				CURRENT_PROJECT_VERSION = 1;
				DEVELOPMENT_TEAM = QYMY47M6PM;
				GENERATE_INFOPLIST_FILE = YES;
				MARKETING_VERSION = 1.0;
				PRODUCT_BUNDLE_IDENTIFIER = com.bobbyren.CardioCartUITests;
				PRODUCT_NAME = "$(TARGET_NAME)";
				SWIFT_EMIT_LOC_STRINGS = NO;
				SWIFT_VERSION = 5.0;
				TARGETED_DEVICE_FAMILY = "1,2";
				TEST_TARGET_NAME = CardioCart;
			};
			name = Debug;
		};
		8EB301CA2A78625D005E2620 /* Release */ = {
			isa = XCBuildConfiguration;
			buildSettings = {
				ALWAYS_EMBED_SWIFT_STANDARD_LIBRARIES = YES;
				CODE_SIGN_STYLE = Automatic;
				CURRENT_PROJECT_VERSION = 1;
				DEVELOPMENT_TEAM = QYMY47M6PM;
				GENERATE_INFOPLIST_FILE = YES;
				MARKETING_VERSION = 1.0;
				PRODUCT_BUNDLE_IDENTIFIER = com.bobbyren.CardioCartUITests;
				PRODUCT_NAME = "$(TARGET_NAME)";
				SWIFT_EMIT_LOC_STRINGS = NO;
				SWIFT_VERSION = 5.0;
				TARGETED_DEVICE_FAMILY = "1,2";
				TEST_TARGET_NAME = CardioCart;
			};
			name = Release;
		};
/* End XCBuildConfiguration section */

/* Begin XCConfigurationList section */
		8EB301932A78625C005E2620 /* Build configuration list for PBXProject "CardioCart" */ = {
			isa = XCConfigurationList;
			buildConfigurations = (
				8EB301C02A78625D005E2620 /* Debug */,
				8EB301C12A78625D005E2620 /* Release */,
			);
			defaultConfigurationIsVisible = 0;
			defaultConfigurationName = Release;
		};
		8EB301C22A78625D005E2620 /* Build configuration list for PBXNativeTarget "CardioCart" */ = {
			isa = XCConfigurationList;
			buildConfigurations = (
				8EB301C32A78625D005E2620 /* Debug */,
				8EB301C42A78625D005E2620 /* Release */,
			);
			defaultConfigurationIsVisible = 0;
			defaultConfigurationName = Release;
		};
		8EB301C52A78625D005E2620 /* Build configuration list for PBXNativeTarget "CardioCartTests" */ = {
			isa = XCConfigurationList;
			buildConfigurations = (
				8EB301C62A78625D005E2620 /* Debug */,
				8EB301C72A78625D005E2620 /* Release */,
			);
			defaultConfigurationIsVisible = 0;
			defaultConfigurationName = Release;
		};
		8EB301C82A78625D005E2620 /* Build configuration list for PBXNativeTarget "CardioCartUITests" */ = {
			isa = XCConfigurationList;
			buildConfigurations = (
				8EB301C92A78625D005E2620 /* Debug */,
				8EB301CA2A78625D005E2620 /* Release */,
			);
			defaultConfigurationIsVisible = 0;
			defaultConfigurationName = Release;
		};
/* End XCConfigurationList section */
	};
	rootObject = 8EB301902A78625C005E2620 /* Project object */;
}
